{
  "version": 4,
  "terraform_version": "1.14.3",
  "serial": 10,
  "lineage": "b8c98ec6-b2ec-5e64-4fbf-d781814636a1",
  "outputs": {},
  "resources": [
    {
      "mode": "managed",
      "type": "local_file",
      "name": "apache",
      "provider": "provider[\"registry.terraform.io/hashicorp/local\"]",
      "instances": [
        {
          "schema_version": 0,
          "attributes": {
            "content": "Apache HTTPD is a webserver and used as a proxy LB to App Servers",
            "content_base64": null,
            "content_base64sha256": "THtySPB7NwKHFYtnLW/a70rvaAQ/FH1VVRW5lxiFJo0=",
            "content_base64sha512": "BMOaw7BhmXkCXQwEgdUje9HbMq13fl55xEW3xUJLWDwwL62uE+e5UH+b28zsp52bU17zSpZ7voUt4gMSQtsSkw==",
            "content_md5": "6babedf376f3a6695f28f6d80524a575",
            "content_sha1": "c1b640d7b8a19124a6668cf42478a0c953d45630",
            "content_sha256": "4c7b7248f07b370287158b672d6fdaef4aef68043f147d555515b9971885268d",
            "content_sha512": "04c39ac3b0619979025d0c0481d5237bd1db32ad777e5e79c445b7c5424b583c302fadae13e7b9507f9bdbcceca79d9b535ef34a967bbe852de2031242db1293",
            "directory_permission": "0777",
            "file_permission": "0777",
            "filename": "/root/tresources/server.txt",
            "id": "c1b640d7b8a19124a6668cf42478a0c953d45630",
            "sensitive_content": null,
            "source": null
          },
          "sensitive_attributes": [
            [
              {
                "type": "get_attr",
                "value": "sensitive_content"
              }
            ]
          ],
          "identity_schema_version": 0
        }
      ]
    }
  ],
  "check_results": null
}
